// !$*UTF8*$!
{
	archiveVersion = 1;
	classes = {
	};
	objectVersion = 46;
	objects = {

/* Begin PBXBuildFile section */
		C9C80C741DA07C42005FF7B3 /* ResultViewController.swift in Sources */ = {isa = PBXBuildFile; fileRef = C9C80C731DA07C42005FF7B3 /* ResultViewController.swift */; };
		C9DCE75A1D9FB686003992CD /* AppDelegate.swift in Sources */ = {isa = PBXBuildFile; fileRef = C9DCE7591D9FB686003992CD /* AppDelegate.swift */; };
		C9DCE75C1D9FB686003992CD /* ViewController.swift in Sources */ = {isa = PBXBuildFile; fileRef = C9DCE75B1D9FB686003992CD /* ViewController.swift */; };
		C9DCE75F1D9FB686003992CD /* Main.storyboard in Resources */ = {isa = PBXBuildFile; fileRef = C9DCE75D1D9FB686003992CD /* Main.storyboard */; };
		C9DCE7611D9FB686003992CD /* Assets.xcassets in Resources */ = {isa = PBXBuildFile; fileRef = C9DCE7601D9FB686003992CD /* Assets.xcassets */; };
		C9DCE7641D9FB686003992CD /* LaunchScreen.storyboard in Resources */ = {isa = PBXBuildFile; fileRef = C9DCE7621D9FB686003992CD /* LaunchScreen.storyboard */; };
		C9DCE76F1D9FB686003992CD /* NameScoreAppTests.swift in Sources */ = {isa = PBXBuildFile; fileRef = C9DCE76E1D9FB686003992CD /* NameScoreAppTests.swift */; };
		C9DCE77A1D9FB686003992CD /* NameScoreAppUITests.swift in Sources */ = {isa = PBXBuildFile; fileRef = C9DCE7791D9FB686003992CD /* NameScoreAppUITests.swift */; };
/* End PBXBuildFile section */

/* Begin PBXContainerItemProxy section */
		C9DCE76B1D9FB686003992CD /* PBXContainerItemProxy */ = {
			isa = PBXContainerItemProxy;
			containerPortal = C9DCE74E1D9FB685003992CD /* Project object */;
			proxyType = 1;
			remoteGlobalIDString = C9DCE7551D9FB685003992CD;
			remoteInfo = NameScoreApp;
		};
		C9DCE7761D9FB686003992CD /* PBXContainerItemProxy */ = {
			isa = PBXContainerItemProxy;
			containerPortal = C9DCE74E1D9FB685003992CD /* Project object */;
			proxyType = 1;
			remoteGlobalIDString = C9DCE7551D9FB685003992CD;
			remoteInfo = NameScoreApp;
		};
/* End PBXContainerItemProxy section */

/* Begin PBXFileReference section */
		C9C80C731DA07C42005FF7B3 /* ResultViewController.swift */ = {isa = PBXFileReference; fileEncoding = 4; lastKnownFileType = sourcecode.swift; path = ResultViewController.swift; sourceTree = "<group>"; };
		C9DCE7561D9FB686003992CD /* NameScoreApp.app */ = {isa = PBXFileReference; explicitFileType = wrapper.application; includeInIndex = 0; path = NameScoreApp.app; sourceTree = BUILT_PRODUCTS_DIR; };
		C9DCE7591D9FB686003992CD /* AppDelegate.swift */ = {isa = PBXFileReference; lastKnownFileType = sourcecode.swift; path = AppDelegate.swift; sourceTree = "<group>"; };
		C9DCE75B1D9FB686003992CD /* ViewController.swift */ = {isa = PBXFileReference; lastKnownFileType = sourcecode.swift; path = ViewController.swift; sourceTree = "<group>"; };
		C9DCE75E1D9FB686003992CD /* Base */ = {isa = PBXFileReference; lastKnownFileType = file.storyboard; name = Base; path = Base.lproj/Main.storyboard; sourceTree = "<group>"; };
		C9DCE7601D9FB686003992CD /* Assets.xcassets */ = {isa = PBXFileReference; lastKnownFileType = folder.assetcatalog; path = Assets.xcassets; sourceTree = "<group>"; };
		C9DCE7631D9FB686003992CD /* Base */ = {isa = PBXFileReference; lastKnownFileType = file.storyboard; name = Base; path = Base.lproj/LaunchScreen.storyboard; sourceTree = "<group>"; };
		C9DCE7651D9FB686003992CD /* Info.plist */ = {isa = PBXFileReference; lastKnownFileType = text.plist.xml; path = Info.plist; sourceTree = "<group>"; };
		C9DCE76A1D9FB686003992CD /* NameScoreAppTests.xctest */ = {isa = PBXFileReference; explicitFileType = wrapper.cfbundle; includeInIndex = 0; path = NameScoreAppTests.xctest; sourceTree = BUILT_PRODUCTS_DIR; };
		C9DCE76E1D9FB686003992CD /* NameScoreAppTests.swift */ = {isa = PBXFileReference; lastKnownFileType = sourcecode.swift; path = NameScoreAppTests.swift; sourceTree = "<group>"; };
		C9DCE7701D9FB686003992CD /* Info.plist */ = {isa = PBXFileReference; lastKnownFileType = text.plist.xml; path = Info.plist; sourceTree = "<group>"; };
		C9DCE7751D9FB686003992CD /* NameScoreAppUITests.xctest */ = {isa = PBXFileReference; explicitFileType = wrapper.cfbundle; includeInIndex = 0; path = NameScoreAppUITests.xctest; sourceTree = BUILT_PRODUCTS_DIR; };
		C9DCE7791D9FB686003992CD /* NameScoreAppUITests.swift */ = {isa = PBXFileReference; lastKnownFileType = sourcecode.swift; path = NameScoreAppUITests.swift; sourceTree = "<group>"; };
		C9DCE77B1D9FB686003992CD /* Info.plist */ = {isa = PBXFileReference; lastKnownFileType = text.plist.xml; path = Info.plist; sourceTree = "<group>"; };
/* End PBXFileReference section */

/* Begin PBXFrameworksBuildPhase section */
		C9DCE7531D9FB685003992CD /* Frameworks */ = {
			isa = PBXFrameworksBuildPhase;
			buildActionMask = 2147483647;
			files = (
			);
			runOnlyForDeploymentPostprocessing = 0;
		};
		C9DCE7671D9FB686003992CD /* Frameworks */ = {
			isa = PBXFrameworksBuildPhase;
			buildActionMask = 2147483647;
			files = (
			);
			runOnlyForDeploymentPostprocessing = 0;
		};
		C9DCE7721D9FB686003992CD /* Frameworks */ = {
			isa = PBXFrameworksBuildPhase;
			buildActionMask = 2147483647;
			files = (
			);
			runOnlyForDeploymentPostprocessing = 0;
		};
/* End PBXFrameworksBuildPhase section */

/* Begin PBXGroup section */
		C9DCE74D1D9FB685003992CD = {
			isa = PBXGroup;
			children = (
				C9DCE7581D9FB686003992CD /* NameScoreApp */,
				C9DCE76D1D9FB686003992CD /* NameScoreAppTests */,
				C9DCE7781D9FB686003992CD /* NameScoreAppUITests */,
				C9DCE7571D9FB686003992CD /* Products */,
			);
			sourceTree = "<group>";
		};
		C9DCE7571D9FB686003992CD /* Products */ = {
			isa = PBXGroup;
			children = (
				C9DCE7561D9FB686003992CD /* NameScoreApp.app */,
				C9DCE76A1D9FB686003992CD /* NameScoreAppTests.xctest */,
				C9DCE7751D9FB686003992CD /* NameScoreAppUITests.xctest */,
			);
			name = Products;
			sourceTree = "<group>";
		};
		C9DCE7581D9FB686003992CD /* NameScoreApp */ = {
			isa = PBXGroup;
			children = (
				C9DCE7591D9FB686003992CD /* AppDelegate.swift */,
				C9DCE75B1D9FB686003992CD /* ViewController.swift */,
				C9DCE75D1D9FB686003992CD /* Main.storyboard */,
				C9C80C731DA07C42005FF7B3 /* ResultViewController.swift */,
				C9DCE7601D9FB686003992CD /* Assets.xcassets */,
				C9DCE7621D9FB686003992CD /* LaunchScreen.storyboard */,
				C9DCE7651D9FB686003992CD /* Info.plist */,
			);
			path = NameScoreApp;
			sourceTree = "<group>";
		};
		C9DCE76D1D9FB686003992CD /* NameScoreAppTests */ = {
			isa = PBXGroup;
			children = (
				C9DCE76E1D9FB686003992CD /* NameScoreAppTests.swift */,
				C9DCE7701D9FB686003992CD /* Info.plist */,
			);
			path = NameScoreAppTests;
			sourceTree = "<group>";
		};
		C9DCE7781D9FB686003992CD /* NameScoreAppUITests */ = {
			isa = PBXGroup;
			children = (
				C9DCE7791D9FB686003992CD /* NameScoreAppUITests.swift */,
				C9DCE77B1D9FB686003992CD /* Info.plist */,
			);
			path = NameScoreAppUITests;
			sourceTree = "<group>";
		};
/* End PBXGroup section */

/* Begin PBXNativeTarget section */
		C9DCE7551D9FB685003992CD /* NameScoreApp */ = {
			isa = PBXNativeTarget;
			buildConfigurationList = C9DCE77E1D9FB686003992CD /* Build configuration list for PBXNativeTarget "NameScoreApp" */;
			buildPhases = (
				C9DCE7521D9FB685003992CD /* Sources */,
				C9DCE7531D9FB685003992CD /* Frameworks */,
				C9DCE7541D9FB685003992CD /* Resources */,
			);
			buildRules = (
			);
			dependencies = (
			);
			name = NameScoreApp;
			productName = NameScoreApp;
			productReference = C9DCE7561D9FB686003992CD /* NameScoreApp.app */;
			productType = "com.apple.product-type.application";
		};
		C9DCE7691D9FB686003992CD /* NameScoreAppTests */ = {
			isa = PBXNativeTarget;
			buildConfigurationList = C9DCE7811D9FB686003992CD /* Build configuration list for PBXNativeTarget "NameScoreAppTests" */;
			buildPhases = (
				C9DCE7661D9FB686003992CD /* Sources */,
				C9DCE7671D9FB686003992CD /* Frameworks */,
				C9DCE7681D9FB686003992CD /* Resources */,
			);
			buildRules = (
			);
			dependencies = (
				C9DCE76C1D9FB686003992CD /* PBXTargetDependency */,
			);
			name = NameScoreAppTests;
			productName = NameScoreAppTests;
			productReference = C9DCE76A1D9FB686003992CD /* NameScoreAppTests.xctest */;
			productType = "com.apple.product-type.bundle.unit-test";
		};
		C9DCE7741D9FB686003992CD /* NameScoreAppUITests */ = {
			isa = PBXNativeTarget;
			buildConfigurationList = C9DCE7841D9FB686003992CD /* Build configuration list for PBXNativeTarget "NameScoreAppUITests" */;
			buildPhases = (
				C9DCE7711D9FB686003992CD /* Sources */,
				C9DCE7721D9FB686003992CD /* Frameworks */,
				C9DCE7731D9FB686003992CD /* Resources */,
			);
			buildRules = (
			);
			dependencies = (
				C9DCE7771D9FB686003992CD /* PBXTargetDependency */,
			);
			name = NameScoreAppUITests;
			productName = NameScoreAppUITests;
			productReference = C9DCE7751D9FB686003992CD /* NameScoreAppUITests.xctest */;
			productType = "com.apple.product-type.bundle.ui-testing";
		};
/* End PBXNativeTarget section */

/* Begin PBXProject section */
		C9DCE74E1D9FB685003992CD /* Project object */ = {
			isa = PBXProject;
			attributes = {
				LastSwiftUpdateCheck = 0800;
				LastUpgradeCheck = 0800;
				ORGANIZATIONNAME = "Minori Inoue";
				TargetAttributes = {
					C9DCE7551D9FB685003992CD = {
						CreatedOnToolsVersion = 8.0;
						ProvisioningStyle = Automatic;
					};
					C9DCE7691D9FB686003992CD = {
						CreatedOnToolsVersion = 8.0;
						ProvisioningStyle = Automatic;
						TestTargetID = C9DCE7551D9FB685003992CD;
					};
					C9DCE7741D9FB686003992CD = {
						CreatedOnToolsVersion = 8.0;
						ProvisioningStyle = Automatic;
						TestTargetID = C9DCE7551D9FB685003992CD;
					};
				};
			};
			buildConfigurationList = C9DCE7511D9FB685003992CD /* Build configuration list for PBXProject "NameScoreApp" */;
			compatibilityVersion = "Xcode 3.2";
			developmentRegion = English;
			hasScannedForEncodings = 0;
			knownRegions = (
				en,
				Base,
			);
			mainGroup = C9DCE74D1D9FB685003992CD;
			productRefGroup = C9DCE7571D9FB686003992CD /* Products */;
			projectDirPath = "";
			projectRoot = "";
			targets = (
				C9DCE7551D9FB685003992CD /* NameScoreApp */,
				C9DCE7691D9FB686003992CD /* NameScoreAppTests */,
				C9DCE7741D9FB686003992CD /* NameScoreAppUITests */,
			);
		};
/* End PBXProject section */

/* Begin PBXResourcesBuildPhase section */
		C9DCE7541D9FB685003992CD /* Resources */ = {
			isa = PBXResourcesBuildPhase;
			buildActionMask = 2147483647;
			files = (
				C9DCE7641D9FB686003992CD /* LaunchScreen.storyboard in Resources */,
				C9DCE7611D9FB686003992CD /* Assets.xcassets in Resources */,
				C9DCE75F1D9FB686003992CD /* Main.storyboard in Resources */,
			);
			runOnlyForDeploymentPostprocessing = 0;
		};
		C9DCE7681D9FB686003992CD /* Resources */ = {
			isa = PBXResourcesBuildPhase;
			buildActionMask = 2147483647;
			files = (
			);
			runOnlyForDeploymentPostprocessing = 0;
		};
		C9DCE7731D9FB686003992CD /* Resources */ = {
			isa = PBXResourcesBuildPhase;
			buildActionMask = 2147483647;
			files = (
			);
			runOnlyForDeploymentPostprocessing = 0;
		};
/* End PBXResourcesBuildPhase section */

/* Begin PBXSourcesBuildPhase section */
		C9DCE7521D9FB685003992CD /* Sources */ = {
			isa = PBXSourcesBuildPhase;
			buildActionMask = 2147483647;
			files = (
				C9DCE75C1D9FB686003992CD /* ViewController.swift in Sources */,
				C9DCE75A1D9FB686003992CD /* AppDelegate.swift in Sources */,
				C9C80C741DA07C42005FF7B3 /* ResultViewController.swift in Sources */,
			);
			runOnlyForDeploymentPostprocessing = 0;
		};
		C9DCE7661D9FB686003992CD /* Sources */ = {
			isa = PBXSourcesBuildPhase;
			buildActionMask = 2147483647;
			files = (
				C9DCE76F1D9FB686003992CD /* NameScoreAppTests.swift in Sources */,
			);
			runOnlyForDeploymentPostprocessing = 0;
		};
		C9DCE7711D9FB686003992CD /* Sources */ = {
			isa = PBXSourcesBuildPhase;
			buildActionMask = 2147483647;
			files = (
				C9DCE77A1D9FB686003992CD /* NameScoreAppUITests.swift in Sources */,
			);
			runOnlyForDeploymentPostprocessing = 0;
		};
/* End PBXSourcesBuildPhase section */

/* Begin PBXTargetDependency section */
		C9DCE76C1D9FB686003992CD /* PBXTargetDependency */ = {
			isa = PBXTargetDependency;
			target = C9DCE7551D9FB685003992CD /* NameScoreApp */;
			targetProxy = C9DCE76B1D9FB686003992CD /* PBXContainerItemProxy */;
		};
		C9DCE7771D9FB686003992CD /* PBXTargetDependency */ = {
			isa = PBXTargetDependency;
			target = C9DCE7551D9FB685003992CD /* NameScoreApp */;
			targetProxy = C9DCE7761D9FB686003992CD /* PBXContainerItemProxy */;
		};
/* End PBXTargetDependency section */

/* Begin PBXVariantGroup section */
		C9DCE75D1D9FB686003992CD /* Main.storyboard */ = {
			isa = PBXVariantGroup;
			children = (
				C9DCE75E1D9FB686003992CD /* Base */,
			);
			name = Main.storyboard;
			sourceTree = "<group>";
		};
		C9DCE7621D9FB686003992CD /* LaunchScreen.storyboard */ = {
			isa = PBXVariantGroup;
			children = (
				C9DCE7631D9FB686003992CD /* Base */,
			);
			name = LaunchScreen.storyboard;
			sourceTree = "<group>";
		};
/* End PBXVariantGroup section */

/* Begin XCBuildConfiguration section */
		C9DCE77C1D9FB686003992CD /* Debug */ = {
			isa = XCBuildConfiguration;
			buildSettings = {
				ALWAYS_SEARCH_USER_PATHS = NO;
				CLANG_ANALYZER_NONNULL = YES;
				CLANG_CXX_LANGUAGE_STANDARD = "gnu++0x";
				CLANG_CXX_LIBRARY = "libc++";
				CLANG_ENABLE_MODULES = YES;
				CLANG_ENABLE_OBJC_ARC = YES;
				CLANG_WARN_BOOL_CONVERSION = YES;
				CLANG_WARN_CONSTANT_CONVERSION = YES;
				CLANG_WARN_DIRECT_OBJC_ISA_USAGE = YES_ERROR;
				CLANG_WARN_DOCUMENTATION_COMMENTS = YES;
				CLANG_WARN_EMPTY_BODY = YES;
				CLANG_WARN_ENUM_CONVERSION = YES;
				CLANG_WARN_INFINITE_RECURSION = YES;
				CLANG_WARN_INT_CONVERSION = YES;
				CLANG_WARN_OBJC_ROOT_CLASS = YES_ERROR;
				CLANG_WARN_SUSPICIOUS_MOVES = YES;
				CLANG_WARN_UNREACHABLE_CODE = YES;
				CLANG_WARN__DUPLICATE_METHOD_MATCH = YES;
				"CODE_SIGN_IDENTITY[sdk=iphoneos*]" = "iPhone Developer";
				COPY_PHASE_STRIP = NO;
				DEBUG_INFORMATION_FORMAT = dwarf;
				ENABLE_STRICT_OBJC_MSGSEND = YES;
				ENABLE_TESTABILITY = YES;
				GCC_C_LANGUAGE_STANDARD = gnu99;
				GCC_DYNAMIC_NO_PIC = NO;
				GCC_NO_COMMON_BLOCKS = YES;
				GCC_OPTIMIZATION_LEVEL = 0;
				GCC_PREPROCESSOR_DEFINITIONS = (
					"DEBUG=1",
					"$(inherited)",
				);
				GCC_WARN_64_TO_32_BIT_CONVERSION = YES;
				GCC_WARN_ABOUT_RETURN_TYPE = YES_ERROR;
				GCC_WARN_UNDECLARED_SELECTOR = YES;
				GCC_WARN_UNINITIALIZED_AUTOS = YES_AGGRESSIVE;
				GCC_WARN_UNUSED_FUNCTION = YES;
				GCC_WARN_UNUSED_VARIABLE = YES;
				IPHONEOS_DEPLOYMENT_TARGET = 10.0;
				MTL_ENABLE_DEBUG_INFO = YES;
				ONLY_ACTIVE_ARCH = YES;
				SDKROOT = iphoneos;
				SWIFT_ACTIVE_COMPILATION_CONDITIONS = DEBUG;
				SWIFT_OPTIMIZATION_LEVEL = "-Onone";
				TARGETED_DEVICE_FAMILY = "1,2";
			};
			name = Debug;
		};
		C9DCE77D1D9FB686003992CD /* Release */ = {
			isa = XCBuildConfiguration;
			buildSettings = {
				ALWAYS_SEARCH_USER_PATHS = NO;
				CLANG_ANALYZER_NONNULL = YES;
				CLANG_CXX_LANGUAGE_STANDARD = "gnu++0x";
				CLANG_CXX_LIBRARY = "libc++";
				CLANG_ENABLE_MODULES = YES;
				CLANG_ENABLE_OBJC_ARC = YES;
				CLANG_WARN_BOOL_CONVERSION = YES;
				CLANG_WARN_CONSTANT_CONVERSION = YES;
				CLANG_WARN_DIRECT_OBJC_ISA_USAGE = YES_ERROR;
				CLANG_WARN_DOCUMENTATION_COMMENTS = YES;
				CLANG_WARN_EMPTY_BODY = YES;
				CLANG_WARN_ENUM_CONVERSION = YES;
				CLANG_WARN_INFINITE_RECURSION = YES;
				CLANG_WARN_INT_CONVERSION = YES;
				CLANG_WARN_OBJC_ROOT_CLASS = YES_ERROR;
				CLANG_WARN_SUSPICIOUS_MOVES = YES;
				CLANG_WARN_UNREACHABLE_CODE = YES;
				CLANG_WARN__DUPLICATE_METHOD_MATCH = YES;
				"CODE_SIGN_IDENTITY[sdk=iphoneos*]" = "iPhone Developer";
				COPY_PHASE_STRIP = NO;
				DEBUG_INFORMATION_FORMAT = "dwarf-with-dsym";
				ENABLE_NS_ASSERTIONS = NO;
				ENABLE_STRICT_OBJC_MSGSEND = YES;
				GCC_C_LANGUAGE_STANDARD = gnu99;
				GCC_NO_COMMON_BLOCKS = YES;
				GCC_WARN_64_TO_32_BIT_CONVERSION = YES;
				GCC_WARN_ABOUT_RETURN_TYPE = YES_ERROR;
				GCC_WARN_UNDECLARED_SELECTOR = YES;
				GCC_WARN_UNINITIALIZED_AUTOS = YES_AGGRESSIVE;
				GCC_WARN_UNUSED_FUNCTION = YES;
				GCC_WARN_UNUSED_VARIABLE = YES;
				IPHONEOS_DEPLOYMENT_TARGET = 10.0;
				MTL_ENABLE_DEBUG_INFO = NO;
				SDKROOT = iphoneos;
				SWIFT_OPTIMIZATION_LEVEL = "-Owholemodule";
				TARGETED_DEVICE_FAMILY = "1,2";
				VALIDATE_PRODUCT = YES;
			};
			name = Release;
		};
		C9DCE77F1D9FB686003992CD /* Debug */ = {
			isa = XCBuildConfiguration;
			buildSettings = {
				ASSETCATALOG_COMPILER_APPICON_NAME = AppIcon;
				INFOPLIST_FILE = NameScoreApp/Info.plist;
				LD_RUNPATH_SEARCH_PATHS = "$(inherited) @executable_path/Frameworks";
				PRODUCT_BUNDLE_IDENTIFIER = minoriinoue.NameScoreApp;
				PRODUCT_NAME = "$(TARGET_NAME)";
				SWIFT_VERSION = 3.0;
			};
			name = Debug;
		};
		C9DCE7801D9FB686003992CD /* Release */ = {
			isa = XCBuildConfiguration;
			buildSettings = {
				ASSETCATALOG_COMPILER_APPICON_NAME = AppIcon;
				INFOPLIST_FILE = NameScoreApp/Info.plist;
				LD_RUNPATH_SEARCH_PATHS = "$(inherited) @executable_path/Frameworks";
				PRODUCT_BUNDLE_IDENTIFIER = minoriinoue.NameScoreApp;
				PRODUCT_NAME = "$(TARGET_NAME)";
				SWIFT_VERSION = 3.0;
			};
			name = Release;
		};
		C9DCE7821D9FB686003992CD /* Debug */ = {
			isa = XCBuildConfiguration;
			buildSettings = {
				ALWAYS_EMBED_SWIFT_STANDARD_LIBRARIES = YES;
				BUNDLE_LOADER = "$(TEST_HOST)";
				INFOPLIST_FILE = NameScoreAppTests/Info.plist;
				LD_RUNPATH_SEARCH_PATHS = "$(inherited) @executable_path/Frameworks @loader_path/Frameworks";
				PRODUCT_BUNDLE_IDENTIFIER = minoriinoue.NameScoreAppTests;
				PRODUCT_NAME = "$(TARGET_NAME)";
				SWIFT_VERSION = 3.0;
				TEST_HOST = "$(BUILT_PRODUCTS_DIR)/NameScoreApp.app/NameScoreApp";
			};
			name = Debug;
		};
		C9DCE7831D9FB686003992CD /* Release */ = {
			isa = XCBuildConfiguration;
			buildSettings = {
				ALWAYS_EMBED_SWIFT_STANDARD_LIBRARIES = YES;
				BUNDLE_LOADER = "$(TEST_HOST)";
				INFOPLIST_FILE = NameScoreAppTests/Info.plist;
				LD_RUNPATH_SEARCH_PATHS = "$(inherited) @executable_path/Frameworks @loader_path/Frameworks";
				PRODUCT_BUNDLE_IDENTIFIER = minoriinoue.NameScoreAppTests;
				PRODUCT_NAME = "$(TARGET_NAME)";
				SWIFT_VERSION = 3.0;
				TEST_HOST = "$(BUILT_PRODUCTS_DIR)/NameScoreApp.app/NameScoreApp";
			};
			name = Release;
		};
		C9DCE7851D9FB686003992CD /* Debug */ = {
			isa = XCBuildConfiguration;
			buildSettings = {
				ALWAYS_EMBED_SWIFT_STANDARD_LIBRARIES = YES;
				INFOPLIST_FILE = NameScoreAppUITests/Info.plist;
				LD_RUNPATH_SEARCH_PATHS = "$(inherited) @executable_path/Frameworks @loader_path/Frameworks";
				PRODUCT_BUNDLE_IDENTIFIER = minoriinoue.NameScoreAppUITests;
				PRODUCT_NAME = "$(TARGET_NAME)";
				SWIFT_VERSION = 3.0;
				TEST_TARGET_NAME = NameScoreApp;
			};
			name = Debug;
		};
		C9DCE7861D9FB686003992CD /* Release */ = {
			isa = XCBuildConfiguration;
			buildSettings = {
				ALWAYS_EMBED_SWIFT_STANDARD_LIBRARIES = YES;
				INFOPLIST_FILE = NameScoreAppUITests/Info.plist;
				LD_RUNPATH_SEARCH_PATHS = "$(inherited) @executable_path/Frameworks @loader_path/Frameworks";
				PRODUCT_BUNDLE_IDENTIFIER = minoriinoue.NameScoreAppUITests;
				PRODUCT_NAME = "$(TARGET_NAME)";
				SWIFT_VERSION = 3.0;
				TEST_TARGET_NAME = NameScoreApp;
			};
			name = Release;
		};
/* End XCBuildConfiguration section */

/* Begin XCConfigurationList section */
		C9DCE7511D9FB685003992CD /* Build configuration list for PBXProject "NameScoreApp" */ = {
			isa = XCConfigurationList;
			buildConfigurations = (
				C9DCE77C1D9FB686003992CD /* Debug */,
				C9DCE77D1D9FB686003992CD /* Release */,
			);
			defaultConfigurationIsVisible = 0;
			defaultConfigurationName = Release;
		};
		C9DCE77E1D9FB686003992CD /* Build configuration list for PBXNativeTarget "NameScoreApp" */ = {
			isa = XCConfigurationList;
			buildConfigurations = (
				C9DCE77F1D9FB686003992CD /* Debug */,
				C9DCE7801D9FB686003992CD /* Release */,
			);
			defaultConfigurationIsVisible = 0;
			defaultConfigurationName = Release;
		};
		C9DCE7811D9FB686003992CD /* Build configuration list for PBXNativeTarget "NameScoreAppTests" */ = {
			isa = XCConfigurationList;
			buildConfigurations = (
				C9DCE7821D9FB686003992CD /* Debug */,
				C9DCE7831D9FB686003992CD /* Release */,
			);
			defaultConfigurationIsVisible = 0;
			defaultConfigurationName = Release;
		};
		C9DCE7841D9FB686003992CD /* Build configuration list for PBXNativeTarget "NameScoreAppUITests" */ = {
			isa = XCConfigurationList;
			buildConfigurations = (
				C9DCE7851D9FB686003992CD /* Debug */,
				C9DCE7861D9FB686003992CD /* Release */,
			);
			defaultConfigurationIsVisible = 0;
			defaultConfigurationName = Release;
		};
/* End XCConfigurationList section */
	};
	rootObject = C9DCE74E1D9FB685003992CD /* Project object */;
}
